// !$*UTF8*$!
{
	archiveVersion = 1;
	classes = {
	};
	objectVersion = 46;
	objects = {

/* Begin PBXBuildFile section */
		0B915E8D18F5C3FB00AE3627 /* Foundation.framework in Frameworks */ = {isa = PBXBuildFile; fileRef = 0B915E8C18F5C3FB00AE3627 /* Foundation.framework */; };
		0B915E8F18F5C3FB00AE3627 /* CoreGraphics.framework in Frameworks */ = {isa = PBXBuildFile; fileRef = 0B915E8E18F5C3FB00AE3627 /* CoreGraphics.framework */; };
		0B915E9118F5C3FB00AE3627 /* UIKit.framework in Frameworks */ = {isa = PBXBuildFile; fileRef = 0B915E9018F5C3FB00AE3627 /* UIKit.framework */; };
		0B915E9718F5C3FB00AE3627 /* InfoPlist.strings in Resources */ = {isa = PBXBuildFile; fileRef = 0B915E9518F5C3FB00AE3627 /* InfoPlist.strings */; };
		0B915E9918F5C3FB00AE3627 /* main.m in Sources */ = {isa = PBXBuildFile; fileRef = 0B915E9818F5C3FB00AE3627 /* main.m */; };
		0B915E9D18F5C3FB00AE3627 /* AppDelegate.m in Sources */ = {isa = PBXBuildFile; fileRef = 0B915E9C18F5C3FB00AE3627 /* AppDelegate.m */; };
		0B915E9F18F5C3FB00AE3627 /* Images.xcassets in Resources */ = {isa = PBXBuildFile; fileRef = 0B915E9E18F5C3FB00AE3627 /* Images.xcassets */; };
		0B915EA618F5C3FB00AE3627 /* XCTest.framework in Frameworks */ = {isa = PBXBuildFile; fileRef = 0B915EA518F5C3FB00AE3627 /* XCTest.framework */; };
		0B915EA718F5C3FB00AE3627 /* Foundation.framework in Frameworks */ = {isa = PBXBuildFile; fileRef = 0B915E8C18F5C3FB00AE3627 /* Foundation.framework */; };
		0B915EA818F5C3FB00AE3627 /* UIKit.framework in Frameworks */ = {isa = PBXBuildFile; fileRef = 0B915E9018F5C3FB00AE3627 /* UIKit.framework */; };
		0B915EB018F5C3FB00AE3627 /* InfoPlist.strings in Resources */ = {isa = PBXBuildFile; fileRef = 0B915EAE18F5C3FB00AE3627 /* InfoPlist.strings */; };
		0B915EB218F5C3FB00AE3627 /* ArrayDataSourceExampleTests.m in Sources */ = {isa = PBXBuildFile; fileRef = 0B915EB118F5C3FB00AE3627 /* ArrayDataSourceExampleTests.m */; };
		0B915EBD18F5C40B00AE3627 /* ArrayDataSource.m in Sources */ = {isa = PBXBuildFile; fileRef = 0B915EBC18F5C40B00AE3627 /* ArrayDataSource.m */; };
		0B915EC218F5C44100AE3627 /* MainViewController.m in Sources */ = {isa = PBXBuildFile; fileRef = 0B915EC018F5C44100AE3627 /* MainViewController.m */; };
		0B915EC318F5C44100AE3627 /* MainViewController.xib in Resources */ = {isa = PBXBuildFile; fileRef = 0B915EC118F5C44100AE3627 /* MainViewController.xib */; };
		0B915EC718F5C8B000AE3627 /* Number.m in Sources */ = {isa = PBXBuildFile; fileRef = 0B915EC618F5C8B000AE3627 /* Number.m */; };
		0B915ECB18F5D1AC00AE3627 /* NumbersArrayDataSource.m in Sources */ = {isa = PBXBuildFile; fileRef = 0B915ECA18F5D1AC00AE3627 /* NumbersArrayDataSource.m */; };
		0B915ED018F5D98B00AE3627 /* NumberCell.m in Sources */ = {isa = PBXBuildFile; fileRef = 0B915ECE18F5D98B00AE3627 /* NumberCell.m */; };
		0B915ED118F5D98B00AE3627 /* NumberCell.xib in Resources */ = {isa = PBXBuildFile; fileRef = 0B915ECF18F5D98B00AE3627 /* NumberCell.xib */; };
/* End PBXBuildFile section */

/* Begin PBXContainerItemProxy section */
		0B915EA918F5C3FB00AE3627 /* PBXContainerItemProxy */ = {
			isa = PBXContainerItemProxy;
			containerPortal = 0B915E8118F5C3FB00AE3627 /* Project object */;
			proxyType = 1;
			remoteGlobalIDString = 0B915E8818F5C3FB00AE3627;
			remoteInfo = ArrayDataSourceExample;
		};
/* End PBXContainerItemProxy section */

/* Begin PBXFileReference section */
		0B915E8918F5C3FB00AE3627 /* ArrayDataSourceExample.app */ = {isa = PBXFileReference; explicitFileType = wrapper.application; includeInIndex = 0; path = ArrayDataSourceExample.app; sourceTree = BUILT_PRODUCTS_DIR; };
		0B915E8C18F5C3FB00AE3627 /* Foundation.framework */ = {isa = PBXFileReference; lastKnownFileType = wrapper.framework; name = Foundation.framework; path = System/Library/Frameworks/Foundation.framework; sourceTree = SDKROOT; };
		0B915E8E18F5C3FB00AE3627 /* CoreGraphics.framework */ = {isa = PBXFileReference; lastKnownFileType = wrapper.framework; name = CoreGraphics.framework; path = System/Library/Frameworks/CoreGraphics.framework; sourceTree = SDKROOT; };
		0B915E9018F5C3FB00AE3627 /* UIKit.framework */ = {isa = PBXFileReference; lastKnownFileType = wrapper.framework; name = UIKit.framework; path = System/Library/Frameworks/UIKit.framework; sourceTree = SDKROOT; };
		0B915E9418F5C3FB00AE3627 /* ArrayDataSourceExample-Info.plist */ = {isa = PBXFileReference; lastKnownFileType = text.plist.xml; path = "ArrayDataSourceExample-Info.plist"; sourceTree = "<group>"; };
		0B915E9618F5C3FB00AE3627 /* en */ = {isa = PBXFileReference; lastKnownFileType = text.plist.strings; name = en; path = en.lproj/InfoPlist.strings; sourceTree = "<group>"; };
		0B915E9818F5C3FB00AE3627 /* main.m */ = {isa = PBXFileReference; lastKnownFileType = sourcecode.c.objc; path = main.m; sourceTree = "<group>"; };
		0B915E9A18F5C3FB00AE3627 /* ArrayDataSourceExample-Prefix.pch */ = {isa = PBXFileReference; lastKnownFileType = sourcecode.c.h; path = "ArrayDataSourceExample-Prefix.pch"; sourceTree = "<group>"; };
		0B915E9B18F5C3FB00AE3627 /* AppDelegate.h */ = {isa = PBXFileReference; lastKnownFileType = sourcecode.c.h; path = AppDelegate.h; sourceTree = "<group>"; };
		0B915E9C18F5C3FB00AE3627 /* AppDelegate.m */ = {isa = PBXFileReference; lastKnownFileType = sourcecode.c.objc; path = AppDelegate.m; sourceTree = "<group>"; };
		0B915E9E18F5C3FB00AE3627 /* Images.xcassets */ = {isa = PBXFileReference; lastKnownFileType = folder.assetcatalog; path = Images.xcassets; sourceTree = "<group>"; };
		0B915EA418F5C3FB00AE3627 /* ArrayDataSourceExampleTests.xctest */ = {isa = PBXFileReference; explicitFileType = wrapper.cfbundle; includeInIndex = 0; path = ArrayDataSourceExampleTests.xctest; sourceTree = BUILT_PRODUCTS_DIR; };
		0B915EA518F5C3FB00AE3627 /* XCTest.framework */ = {isa = PBXFileReference; lastKnownFileType = wrapper.framework; name = XCTest.framework; path = Library/Frameworks/XCTest.framework; sourceTree = DEVELOPER_DIR; };
		0B915EAD18F5C3FB00AE3627 /* ArrayDataSourceExampleTests-Info.plist */ = {isa = PBXFileReference; lastKnownFileType = text.plist.xml; path = "ArrayDataSourceExampleTests-Info.plist"; sourceTree = "<group>"; };
		0B915EAF18F5C3FB00AE3627 /* en */ = {isa = PBXFileReference; lastKnownFileType = text.plist.strings; name = en; path = en.lproj/InfoPlist.strings; sourceTree = "<group>"; };
		0B915EB118F5C3FB00AE3627 /* ArrayDataSourceExampleTests.m */ = {isa = PBXFileReference; lastKnownFileType = sourcecode.c.objc; path = ArrayDataSourceExampleTests.m; sourceTree = "<group>"; };
		0B915EBB18F5C40B00AE3627 /* ArrayDataSource.h */ = {isa = PBXFileReference; fileEncoding = 4; lastKnownFileType = sourcecode.c.h; path = ArrayDataSource.h; sourceTree = "<group>"; };
		0B915EBC18F5C40B00AE3627 /* ArrayDataSource.m */ = {isa = PBXFileReference; fileEncoding = 4; lastKnownFileType = sourcecode.c.objc; path = ArrayDataSource.m; sourceTree = "<group>"; };
		0B915EBF18F5C44100AE3627 /* MainViewController.h */ = {isa = PBXFileReference; fileEncoding = 4; lastKnownFileType = sourcecode.c.h; path = MainViewController.h; sourceTree = "<group>"; };
		0B915EC018F5C44100AE3627 /* MainViewController.m */ = {isa = PBXFileReference; fileEncoding = 4; lastKnownFileType = sourcecode.c.objc; path = MainViewController.m; sourceTree = "<group>"; };
		0B915EC118F5C44100AE3627 /* MainViewController.xib */ = {isa = PBXFileReference; fileEncoding = 4; lastKnownFileType = file.xib; path = MainViewController.xib; sourceTree = "<group>"; };
		0B915EC518F5C8B000AE3627 /* Number.h */ = {isa = PBXFileReference; fileEncoding = 4; lastKnownFileType = sourcecode.c.h; path = Number.h; sourceTree = "<group>"; };
		0B915EC618F5C8B000AE3627 /* Number.m */ = {isa = PBXFileReference; fileEncoding = 4; lastKnownFileType = sourcecode.c.objc; path = Number.m; sourceTree = "<group>"; };
		0B915EC918F5D1AC00AE3627 /* NumbersArrayDataSource.h */ = {isa = PBXFileReference; fileEncoding = 4; lastKnownFileType = sourcecode.c.h; path = NumbersArrayDataSource.h; sourceTree = "<group>"; };
		0B915ECA18F5D1AC00AE3627 /* NumbersArrayDataSource.m */ = {isa = PBXFileReference; fileEncoding = 4; lastKnownFileType = sourcecode.c.objc; path = NumbersArrayDataSource.m; sourceTree = "<group>"; };
		0B915ECD18F5D98B00AE3627 /* NumberCell.h */ = {isa = PBXFileReference; fileEncoding = 4; lastKnownFileType = sourcecode.c.h; path = NumberCell.h; sourceTree = "<group>"; };
		0B915ECE18F5D98B00AE3627 /* NumberCell.m */ = {isa = PBXFileReference; fileEncoding = 4; lastKnownFileType = sourcecode.c.objc; path = NumberCell.m; sourceTree = "<group>"; };
		0B915ECF18F5D98B00AE3627 /* NumberCell.xib */ = {isa = PBXFileReference; fileEncoding = 4; lastKnownFileType = file.xib; path = NumberCell.xib; sourceTree = "<group>"; };
/* End PBXFileReference section */

/* Begin PBXFrameworksBuildPhase section */
		0B915E8618F5C3FB00AE3627 /* Frameworks */ = {
			isa = PBXFrameworksBuildPhase;
			buildActionMask = 2147483647;
			files = (
				0B915E8F18F5C3FB00AE3627 /* CoreGraphics.framework in Frameworks */,
				0B915E9118F5C3FB00AE3627 /* UIKit.framework in Frameworks */,
				0B915E8D18F5C3FB00AE3627 /* Foundation.framework in Frameworks */,
			);
			runOnlyForDeploymentPostprocessing = 0;
		};
		0B915EA118F5C3FB00AE3627 /* Frameworks */ = {
			isa = PBXFrameworksBuildPhase;
			buildActionMask = 2147483647;
			files = (
				0B915EA618F5C3FB00AE3627 /* XCTest.framework in Frameworks */,
				0B915EA818F5C3FB00AE3627 /* UIKit.framework in Frameworks */,
				0B915EA718F5C3FB00AE3627 /* Foundation.framework in Frameworks */,
			);
			runOnlyForDeploymentPostprocessing = 0;
		};
/* End PBXFrameworksBuildPhase section */

/* Begin PBXGroup section */
		0B915E8018F5C3FB00AE3627 = {
			isa = PBXGroup;
			children = (
				0B915E9218F5C3FB00AE3627 /* ArrayDataSourceExample */,
				0B915E9318F5C3FB00AE3627 /* Supporting Files */,
				0B915EAB18F5C3FB00AE3627 /* ArrayDataSourceExampleTests */,
				0B915E8B18F5C3FB00AE3627 /* Frameworks */,
				0B915E8A18F5C3FB00AE3627 /* Products */,
			);
			sourceTree = "<group>";
		};
		0B915E8A18F5C3FB00AE3627 /* Products */ = {
			isa = PBXGroup;
			children = (
				0B915E8918F5C3FB00AE3627 /* ArrayDataSourceExample.app */,
				0B915EA418F5C3FB00AE3627 /* ArrayDataSourceExampleTests.xctest */,
			);
			name = Products;
			sourceTree = "<group>";
		};
		0B915E8B18F5C3FB00AE3627 /* Frameworks */ = {
			isa = PBXGroup;
			children = (
				0B915E8C18F5C3FB00AE3627 /* Foundation.framework */,
				0B915E8E18F5C3FB00AE3627 /* CoreGraphics.framework */,
				0B915E9018F5C3FB00AE3627 /* UIKit.framework */,
				0B915EA518F5C3FB00AE3627 /* XCTest.framework */,
			);
			name = Frameworks;
			sourceTree = "<group>";
		};
		0B915E9218F5C3FB00AE3627 /* ArrayDataSourceExample */ = {
			isa = PBXGroup;
			children = (
				0B915EBE18F5C41400AE3627 /* ArrayDataSource */,
				0B915ECC18F5D93D00AE3627 /* Cells */,
				0B915EC418F5C82B00AE3627 /* Models */,
				0B915ED318F6186500AE3627 /* Views */,
				0B915ED218F6185B00AE3627 /* Controllers */,
			);
			path = ArrayDataSourceExample;
			sourceTree = "<group>";
		};
		0B915E9318F5C3FB00AE3627 /* Supporting Files */ = {
			isa = PBXGroup;
			children = (
				0B915E9B18F5C3FB00AE3627 /* AppDelegate.h */,
				0B915E9C18F5C3FB00AE3627 /* AppDelegate.m */,
				0B915E9E18F5C3FB00AE3627 /* Images.xcassets */,
				0B915E9418F5C3FB00AE3627 /* ArrayDataSourceExample-Info.plist */,
				0B915E9518F5C3FB00AE3627 /* InfoPlist.strings */,
				0B915E9818F5C3FB00AE3627 /* main.m */,
				0B915E9A18F5C3FB00AE3627 /* ArrayDataSourceExample-Prefix.pch */,
			);
			name = "Supporting Files";
			path = ArrayDataSourceExample;
			sourceTree = "<group>";
		};
		0B915EAB18F5C3FB00AE3627 /* ArrayDataSourceExampleTests */ = {
			isa = PBXGroup;
			children = (
				0B915EB118F5C3FB00AE3627 /* ArrayDataSourceExampleTests.m */,
				0B915EAC18F5C3FB00AE3627 /* Supporting Files */,
			);
			path = ArrayDataSourceExampleTests;
			sourceTree = "<group>";
		};
		0B915EAC18F5C3FB00AE3627 /* Supporting Files */ = {
			isa = PBXGroup;
			children = (
				0B915EAD18F5C3FB00AE3627 /* ArrayDataSourceExampleTests-Info.plist */,
				0B915EAE18F5C3FB00AE3627 /* InfoPlist.strings */,
			);
			name = "Supporting Files";
			sourceTree = "<group>";
		};
		0B915EBE18F5C41400AE3627 /* ArrayDataSource */ = {
			isa = PBXGroup;
			children = (
				0B915EBB18F5C40B00AE3627 /* ArrayDataSource.h */,
				0B915EBC18F5C40B00AE3627 /* ArrayDataSource.m */,
			);
			name = ArrayDataSource;
			sourceTree = "<group>";
		};
		0B915EC418F5C82B00AE3627 /* Models */ = {
			isa = PBXGroup;
			children = (
				0B915EC518F5C8B000AE3627 /* Number.h */,
				0B915EC618F5C8B000AE3627 /* Number.m */,
				0B915EC918F5D1AC00AE3627 /* NumbersArrayDataSource.h */,
				0B915ECA18F5D1AC00AE3627 /* NumbersArrayDataSource.m */,
			);
			name = Models;
			sourceTree = "<group>";
		};
		0B915ECC18F5D93D00AE3627 /* Cells */ = {
			isa = PBXGroup;
			children = (
				0B915ECD18F5D98B00AE3627 /* NumberCell.h */,
				0B915ECE18F5D98B00AE3627 /* NumberCell.m */,
				0B915ECF18F5D98B00AE3627 /* NumberCell.xib */,
			);
			name = Cells;
			sourceTree = "<group>";
		};
		0B915ED218F6185B00AE3627 /* Controllers */ = {
			isa = PBXGroup;
			children = (
				0B915EBF18F5C44100AE3627 /* MainViewController.h */,
				0B915EC018F5C44100AE3627 /* MainViewController.m */,
			);
			name = Controllers;
			sourceTree = "<group>";
		};
		0B915ED318F6186500AE3627 /* Views */ = {
			isa = PBXGroup;
			children = (
				0B915EC118F5C44100AE3627 /* MainViewController.xib */,
			);
			name = Views;
			sourceTree = "<group>";
		};
/* End PBXGroup section */

/* Begin PBXNativeTarget section */
		0B915E8818F5C3FB00AE3627 /* ArrayDataSourceExample */ = {
			isa = PBXNativeTarget;
			buildConfigurationList = 0B915EB518F5C3FB00AE3627 /* Build configuration list for PBXNativeTarget "ArrayDataSourceExample" */;
			buildPhases = (
				0B915E8518F5C3FB00AE3627 /* Sources */,
				0B915E8618F5C3FB00AE3627 /* Frameworks */,
				0B915E8718F5C3FB00AE3627 /* Resources */,
			);
			buildRules = (
			);
			dependencies = (
			);
			name = ArrayDataSourceExample;
			productName = ArrayDataSourceExample;
			productReference = 0B915E8918F5C3FB00AE3627 /* ArrayDataSourceExample.app */;
			productType = "com.apple.product-type.application";
		};
		0B915EA318F5C3FB00AE3627 /* ArrayDataSourceExampleTests */ = {
			isa = PBXNativeTarget;
			buildConfigurationList = 0B915EB818F5C3FB00AE3627 /* Build configuration list for PBXNativeTarget "ArrayDataSourceExampleTests" */;
			buildPhases = (
				0B915EA018F5C3FB00AE3627 /* Sources */,
				0B915EA118F5C3FB00AE3627 /* Frameworks */,
				0B915EA218F5C3FB00AE3627 /* Resources */,
			);
			buildRules = (
			);
			dependencies = (
				0B915EAA18F5C3FB00AE3627 /* PBXTargetDependency */,
			);
			name = ArrayDataSourceExampleTests;
			productName = ArrayDataSourceExampleTests;
			productReference = 0B915EA418F5C3FB00AE3627 /* ArrayDataSourceExampleTests.xctest */;
			productType = "com.apple.product-type.bundle.unit-test";
		};
/* End PBXNativeTarget section */

/* Begin PBXProject section */
		0B915E8118F5C3FB00AE3627 /* Project object */ = {
			isa = PBXProject;
			attributes = {
				LastUpgradeCheck = 0510;
				ORGANIZATIONNAME = "Angel Casado";
				TargetAttributes = {
					0B915EA318F5C3FB00AE3627 = {
						TestTargetID = 0B915E8818F5C3FB00AE3627;
					};
				};
			};
			buildConfigurationList = 0B915E8418F5C3FB00AE3627 /* Build configuration list for PBXProject "ArrayDataSourceExample" */;
			compatibilityVersion = "Xcode 3.2";
			developmentRegion = English;
			hasScannedForEncodings = 0;
			knownRegions = (
				en,
			);
			mainGroup = 0B915E8018F5C3FB00AE3627;
			productRefGroup = 0B915E8A18F5C3FB00AE3627 /* Products */;
			projectDirPath = "";
			projectRoot = "";
			targets = (
				0B915E8818F5C3FB00AE3627 /* ArrayDataSourceExample */,
				0B915EA318F5C3FB00AE3627 /* ArrayDataSourceExampleTests */,
			);
		};
/* End PBXProject section */

/* Begin PBXResourcesBuildPhase section */
		0B915E8718F5C3FB00AE3627 /* Resources */ = {
			isa = PBXResourcesBuildPhase;
			buildActionMask = 2147483647;
			files = (
				0B915ED118F5D98B00AE3627 /* NumberCell.xib in Resources */,
				0B915E9718F5C3FB00AE3627 /* InfoPlist.strings in Resources */,
				0B915EC318F5C44100AE3627 /* MainViewController.xib in Resources */,
				0B915E9F18F5C3FB00AE3627 /* Images.xcassets in Resources */,
			);
			runOnlyForDeploymentPostprocessing = 0;
		};
		0B915EA218F5C3FB00AE3627 /* Resources */ = {
			isa = PBXResourcesBuildPhase;
			buildActionMask = 2147483647;
			files = (
				0B915EB018F5C3FB00AE3627 /* InfoPlist.strings in Resources */,
			);
			runOnlyForDeploymentPostprocessing = 0;
		};
/* End PBXResourcesBuildPhase section */

/* Begin PBXSourcesBuildPhase section */
		0B915E8518F5C3FB00AE3627 /* Sources */ = {
			isa = PBXSourcesBuildPhase;
			buildActionMask = 2147483647;
			files = (
				0B915EBD18F5C40B00AE3627 /* ArrayDataSource.m in Sources */,
				0B915E9D18F5C3FB00AE3627 /* AppDelegate.m in Sources */,
				0B915E9918F5C3FB00AE3627 /* main.m in Sources */,
				0B915EC218F5C44100AE3627 /* MainViewController.m in Sources */,
				0B915EC718F5C8B000AE3627 /* Number.m in Sources */,
				0B915ED018F5D98B00AE3627 /* NumberCell.m in Sources */,
				0B915ECB18F5D1AC00AE3627 /* NumbersArrayDataSource.m in Sources */,
			);
			runOnlyForDeploymentPostprocessing = 0;
		};
		0B915EA018F5C3FB00AE3627 /* Sources */ = {
			isa = PBXSourcesBuildPhase;
			buildActionMask = 2147483647;
			files = (
				0B915EB218F5C3FB00AE3627 /* ArrayDataSourceExampleTests.m in Sources */,
			);
			runOnlyForDeploymentPostprocessing = 0;
		};
/* End PBXSourcesBuildPhase section */

/* Begin PBXTargetDependency section */
		0B915EAA18F5C3FB00AE3627 /* PBXTargetDependency */ = {
			isa = PBXTargetDependency;
			target = 0B915E8818F5C3FB00AE3627 /* ArrayDataSourceExample */;
			targetProxy = 0B915EA918F5C3FB00AE3627 /* PBXContainerItemProxy */;
		};
/* End PBXTargetDependency section */

/* Begin PBXVariantGroup section */
		0B915E9518F5C3FB00AE3627 /* InfoPlist.strings */ = {
			isa = PBXVariantGroup;
			children = (
				0B915E9618F5C3FB00AE3627 /* en */,
			);
			name = InfoPlist.strings;
			sourceTree = "<group>";
		};
		0B915EAE18F5C3FB00AE3627 /* InfoPlist.strings */ = {
			isa = PBXVariantGroup;
			children = (
				0B915EAF18F5C3FB00AE3627 /* en */,
			);
			name = InfoPlist.strings;
			sourceTree = "<group>";
		};
/* End PBXVariantGroup section */

/* Begin XCBuildConfiguration section */
		0B915EB318F5C3FB00AE3627 /* Debug */ = {
			isa = XCBuildConfiguration;
			buildSettings = {
				ALWAYS_SEARCH_USER_PATHS = NO;
				CLANG_CXX_LANGUAGE_STANDARD = "gnu++0x";
				CLANG_CXX_LIBRARY = "libc++";
				CLANG_ENABLE_MODULES = YES;
				CLANG_ENABLE_OBJC_ARC = YES;
				CLANG_WARN_BOOL_CONVERSION = YES;
				CLANG_WARN_CONSTANT_CONVERSION = YES;
				CLANG_WARN_DIRECT_OBJC_ISA_USAGE = YES_ERROR;
				CLANG_WARN_EMPTY_BODY = YES;
				CLANG_WARN_ENUM_CONVERSION = YES;
				CLANG_WARN_INT_CONVERSION = YES;
				CLANG_WARN_OBJC_ROOT_CLASS = YES_ERROR;
				CLANG_WARN__DUPLICATE_METHOD_MATCH = YES;
				"CODE_SIGN_IDENTITY[sdk=iphoneos*]" = "iPhone Developer";
				COPY_PHASE_STRIP = NO;
				GCC_C_LANGUAGE_STANDARD = gnu99;
				GCC_DYNAMIC_NO_PIC = NO;
				GCC_OPTIMIZATION_LEVEL = 0;
				GCC_PREPROCESSOR_DEFINITIONS = (
					"DEBUG=1",
					"$(inherited)",
				);
				GCC_SYMBOLS_PRIVATE_EXTERN = NO;
				GCC_WARN_64_TO_32_BIT_CONVERSION = YES;
				GCC_WARN_ABOUT_RETURN_TYPE = YES_ERROR;
				GCC_WARN_UNDECLARED_SELECTOR = YES;
				GCC_WARN_UNINITIALIZED_AUTOS = YES_AGGRESSIVE;
				GCC_WARN_UNUSED_FUNCTION = YES;
				GCC_WARN_UNUSED_VARIABLE = YES;
				IPHONEOS_DEPLOYMENT_TARGET = 7.1;
				ONLY_ACTIVE_ARCH = YES;
				SDKROOT = iphoneos;
			};
			name = Debug;
		};
		0B915EB418F5C3FB00AE3627 /* Release */ = {
			isa = XCBuildConfiguration;
			buildSettings = {
				ALWAYS_SEARCH_USER_PATHS = NO;
				CLANG_CXX_LANGUAGE_STANDARD = "gnu++0x";
				CLANG_CXX_LIBRARY = "libc++";
				CLANG_ENABLE_MODULES = YES;
				CLANG_ENABLE_OBJC_ARC = YES;
				CLANG_WARN_BOOL_CONVERSION = YES;
				CLANG_WARN_CONSTANT_CONVERSION = YES;
				CLANG_WARN_DIRECT_OBJC_ISA_USAGE = YES_ERROR;
				CLANG_WARN_EMPTY_BODY = YES;
				CLANG_WARN_ENUM_CONVERSION = YES;
				CLANG_WARN_INT_CONVERSION = YES;
				CLANG_WARN_OBJC_ROOT_CLASS = YES_ERROR;
				CLANG_WARN__DUPLICATE_METHOD_MATCH = YES;
				"CODE_SIGN_IDENTITY[sdk=iphoneos*]" = "iPhone Developer";
				COPY_PHASE_STRIP = YES;
				ENABLE_NS_ASSERTIONS = NO;
				GCC_C_LANGUAGE_STANDARD = gnu99;
				GCC_WARN_64_TO_32_BIT_CONVERSION = YES;
				GCC_WARN_ABOUT_RETURN_TYPE = YES_ERROR;
				GCC_WARN_UNDECLARED_SELECTOR = YES;
				GCC_WARN_UNINITIALIZED_AUTOS = YES_AGGRESSIVE;
				GCC_WARN_UNUSED_FUNCTION = YES;
				GCC_WARN_UNUSED_VARIABLE = YES;
				IPHONEOS_DEPLOYMENT_TARGET = 7.1;
				SDKROOT = iphoneos;
				VALIDATE_PRODUCT = YES;
			};
			name = Release;
		};
		0B915EB618F5C3FB00AE3627 /* Debug */ = {
			isa = XCBuildConfiguration;
			buildSettings = {
				ASSETCATALOG_COMPILER_APPICON_NAME = AppIcon;
				ASSETCATALOG_COMPILER_LAUNCHIMAGE_NAME = LaunchImage;
				GCC_PRECOMPILE_PREFIX_HEADER = YES;
				GCC_PREFIX_HEADER = "ArrayDataSourceExample/ArrayDataSourceExample-Prefix.pch";
				INFOPLIST_FILE = "ArrayDataSourceExample/ArrayDataSourceExample-Info.plist";
				PRODUCT_NAME = "$(TARGET_NAME)";
				WRAPPER_EXTENSION = app;
			};
			name = Debug;
		};
		0B915EB718F5C3FB00AE3627 /* Release */ = {
			isa = XCBuildConfiguration;
			buildSettings = {
				ASSETCATALOG_COMPILER_APPICON_NAME = AppIcon;
				ASSETCATALOG_COMPILER_LAUNCHIMAGE_NAME = LaunchImage;
				GCC_PRECOMPILE_PREFIX_HEADER = YES;
				GCC_PREFIX_HEADER = "ArrayDataSourceExample/ArrayDataSourceExample-Prefix.pch";
				INFOPLIST_FILE = "ArrayDataSourceExample/ArrayDataSourceExample-Info.plist";
				PRODUCT_NAME = "$(TARGET_NAME)";
				WRAPPER_EXTENSION = app;
			};
			name = Release;
		};
		0B915EB918F5C3FB00AE3627 /* Debug */ = {
			isa = XCBuildConfiguration;
			buildSettings = {
				BUNDLE_LOADER = "$(BUILT_PRODUCTS_DIR)/ArrayDataSourceExample.app/ArrayDataSourceExample";
				FRAMEWORK_SEARCH_PATHS = (
					"$(SDKROOT)/Developer/Library/Frameworks",
					"$(inherited)",
					"$(DEVELOPER_FRAMEWORKS_DIR)",
				);
				GCC_PRECOMPILE_PREFIX_HEADER = YES;
				GCC_PREFIX_HEADER = "ArrayDataSourceExample/ArrayDataSourceExample-Prefix.pch";
				GCC_PREPROCESSOR_DEFINITIONS = (
					"DEBUG=1",
					"$(inherited)",
				);
				INFOPLIST_FILE = "ArrayDataSourceExampleTests/ArrayDataSourceExampleTests-Info.plist";
				PRODUCT_NAME = "$(TARGET_NAME)";
				TEST_HOST = "$(BUNDLE_LOADER)";
				WRAPPER_EXTENSION = xctest;
			};
			name = Debug;
		};
		0B915EBA18F5C3FB00AE3627 /* Release */ = {
			isa = XCBuildConfiguration;
			buildSettings = {
				BUNDLE_LOADER = "$(BUILT_PRODUCTS_DIR)/ArrayDataSourceExample.app/ArrayDataSourceExample";
				FRAMEWORK_SEARCH_PATHS = (
					"$(SDKROOT)/Developer/Library/Frameworks",
					"$(inherited)",
					"$(DEVELOPER_FRAMEWORKS_DIR)",
				);
				GCC_PRECOMPILE_PREFIX_HEADER = YES;
				GCC_PREFIX_HEADER = "ArrayDataSourceExample/ArrayDataSourceExample-Prefix.pch";
				INFOPLIST_FILE = "ArrayDataSourceExampleTests/ArrayDataSourceExampleTests-Info.plist";
				PRODUCT_NAME = "$(TARGET_NAME)";
				TEST_HOST = "$(BUNDLE_LOADER)";
				WRAPPER_EXTENSION = xctest;
			};
			name = Release;
		};
/* End XCBuildConfiguration section */

/* Begin XCConfigurationList section */
		0B915E8418F5C3FB00AE3627 /* Build configuration list for PBXProject "ArrayDataSourceExample" */ = {
			isa = XCConfigurationList;
			buildConfigurations = (
				0B915EB318F5C3FB00AE3627 /* Debug */,
				0B915EB418F5C3FB00AE3627 /* Release */,
			);
			defaultConfigurationIsVisible = 0;
			defaultConfigurationName = Release;
		};
		0B915EB518F5C3FB00AE3627 /* Build configuration list for PBXNativeTarget "ArrayDataSourceExample" */ = {
			isa = XCConfigurationList;
			buildConfigurations = (
				0B915EB618F5C3FB00AE3627 /* Debug */,
				0B915EB718F5C3FB00AE3627 /* Release */,
			);
			defaultConfigurationIsVisible = 0;
		};
		0B915EB818F5C3FB00AE3627 /* Build configuration list for PBXNativeTarget "ArrayDataSourceExampleTests" */ = {
			isa = XCConfigurationList;
			buildConfigurations = (
				0B915EB918F5C3FB00AE3627 /* Debug */,
				0B915EBA18F5C3FB00AE3627 /* Release */,
			);
			defaultConfigurationIsVisible = 0;
		};
/* End XCConfigurationList section */
	};
	rootObject = 0B915E8118F5C3FB00AE3627 /* Project object */;
}
